
Microsoft Visual Studio Solution File, Format Version 12.00
# Visual Studio 15
VisualStudioVersion = 15.0.27703.2047
MinimumVisualStudioVersion = 10.0.40219.1
Project("{FAE04EC0-301F-11D3-BF4B-00C04F79EFBC}") = "CommonLibs", "CommonLibs\CommonLibs.csproj", "{2E4E2AF4-ECBF-4F99-80AC-4E905BB643AD}"
EndProject
Project("{FAE04EC0-301F-11D3-BF4B-00C04F79EFBC}") = "CommonLibs.WpfTest", "CommonLibs.WpfTest\CommonLibs.WpfTest.csproj", "{55EE3526-D7B8-43BF-B123-3CC60ADC5DD7}"
EndProject
Global
	GlobalSection(SolutionConfigurationPlatforms) = preSolution
		Debug|Any CPU = Debug|Any CPU
		Release|Any CPU = Release|Any CPU
	EndGlobalSection
	GlobalSection(ProjectConfigurationPlatforms) = postSolution
		{2E4E2AF4-ECBF-4F99-80AC-4E905BB643AD}.Debug|Any CPU.ActiveCfg = Debug|Any CPU
		{2E4E2AF4-ECBF-4F99-80AC-4E905BB643AD}.Debug|Any CPU.Build.0 = Debug|Any CPU
		{2E4E2AF4-ECBF-4F99-80AC-4E905BB643AD}.Release|Any CPU.ActiveCfg = Release|Any CPU
		{2E4E2AF4-ECBF-4F99-80AC-4E905BB643AD}.Release|Any CPU.Build.0 = Release|Any CPU
		{55EE3526-D7B8-43BF-B123-3CC60ADC5DD7}.Debug|Any CPU.ActiveCfg = Debug|Any CPU
		{55EE3526-D7B8-43BF-B123-3CC60ADC5DD7}.Debug|Any CPU.Build.0 = Debug|Any CPU
		{55EE3526-D7B8-43BF-B123-3CC60ADC5DD7}.Release|Any CPU.ActiveCfg = Release|Any CPU
		{55EE3526-D7B8-43BF-B123-3CC60ADC5DD7}.Release|Any CPU.Build.0 = Release|Any CPU
	EndGlobalSection
	GlobalSection(SolutionProperties) = preSolution
		HideSolutionNode = FALSE
	EndGlobalSection
	GlobalSection(ExtensibilityGlobals) = postSolution
		SolutionGuid = {F9F300B5-E79D-4594-BCF0-C41CBCC93AD8}
	EndGlobalSection
EndGlobal
